// !$*UTF8*$!
{
	archiveVersion = 1;
	classes = {
	};
	objectVersion = 50;
	objects = {

/* Begin PBXBuildFile section */
		31CED0A02391B8810051ED07 /* AppDelegate.swift in Sources */ = {isa = PBXBuildFile; fileRef = 31CED09F2391B8810051ED07 /* AppDelegate.swift */; };
		31CED0A22391B8810051ED07 /* SceneDelegate.swift in Sources */ = {isa = PBXBuildFile; fileRef = 31CED0A12391B8810051ED07 /* SceneDelegate.swift */; };
		31CED0A42391B8810051ED07 /* CategoriesVC.swift in Sources */ = {isa = PBXBuildFile; fileRef = 31CED0A32391B8810051ED07 /* CategoriesVC.swift */; };
		31CED0A72391B8810051ED07 /* Main.storyboard in Resources */ = {isa = PBXBuildFile; fileRef = 31CED0A52391B8810051ED07 /* Main.storyboard */; };
		31CED0A92391B8850051ED07 /* Assets.xcassets in Resources */ = {isa = PBXBuildFile; fileRef = 31CED0A82391B8850051ED07 /* Assets.xcassets */; };
		31CED0AC2391B8850051ED07 /* LaunchScreen.storyboard in Resources */ = {isa = PBXBuildFile; fileRef = 31CED0AA2391B8850051ED07 /* LaunchScreen.storyboard */; };
		31CED0B72391C46B0051ED07 /* CategoryCell.swift in Sources */ = {isa = PBXBuildFile; fileRef = 31CED0B62391C46B0051ED07 /* CategoryCell.swift */; };
/* End PBXBuildFile section */

/* Begin PBXFileReference section */
		31CED09C2391B8810051ED07 /* coder-shop.app */ = {isa = PBXFileReference; explicitFileType = wrapper.application; includeInIndex = 0; path = "coder-shop.app"; sourceTree = BUILT_PRODUCTS_DIR; };
		31CED09F2391B8810051ED07 /* AppDelegate.swift */ = {isa = PBXFileReference; lastKnownFileType = sourcecode.swift; path = AppDelegate.swift; sourceTree = "<group>"; };
		31CED0A12391B8810051ED07 /* SceneDelegate.swift */ = {isa = PBXFileReference; lastKnownFileType = sourcecode.swift; path = SceneDelegate.swift; sourceTree = "<group>"; };
		31CED0A32391B8810051ED07 /* CategoriesVC.swift */ = {isa = PBXFileReference; lastKnownFileType = sourcecode.swift; path = CategoriesVC.swift; sourceTree = "<group>"; };
		31CED0A62391B8810051ED07 /* Base */ = {isa = PBXFileReference; lastKnownFileType = file.storyboard; name = Base; path = Base.lproj/Main.storyboard; sourceTree = "<group>"; };
		31CED0A82391B8850051ED07 /* Assets.xcassets */ = {isa = PBXFileReference; lastKnownFileType = folder.assetcatalog; path = Assets.xcassets; sourceTree = "<group>"; };
		31CED0AB2391B8850051ED07 /* Base */ = {isa = PBXFileReference; lastKnownFileType = file.storyboard; name = Base; path = Base.lproj/LaunchScreen.storyboard; sourceTree = "<group>"; };
		31CED0AD2391B8850051ED07 /* Info.plist */ = {isa = PBXFileReference; lastKnownFileType = text.plist.xml; path = Info.plist; sourceTree = "<group>"; };
		31CED0B62391C46B0051ED07 /* CategoryCell.swift */ = {isa = PBXFileReference; lastKnownFileType = sourcecode.swift; path = CategoryCell.swift; sourceTree = "<group>"; };
/* End PBXFileReference section */

/* Begin PBXFrameworksBuildPhase section */
		31CED0992391B8810051ED07 /* Frameworks */ = {
			isa = PBXFrameworksBuildPhase;
			buildActionMask = 2147483647;
			files = (
			);
			runOnlyForDeploymentPostprocessing = 0;
		};
/* End PBXFrameworksBuildPhase section */

/* Begin PBXGroup section */
		31CED0932391B8810051ED07 = {
			isa = PBXGroup;
			children = (
				31CED09E2391B8810051ED07 /* coder-shop */,
				31CED09D2391B8810051ED07 /* Products */,
			);
			sourceTree = "<group>";
		};
		31CED09D2391B8810051ED07 /* Products */ = {
			isa = PBXGroup;
			children = (
				31CED09C2391B8810051ED07 /* coder-shop.app */,
			);
			name = Products;
			sourceTree = "<group>";
		};
		31CED09E2391B8810051ED07 /* coder-shop */ = {
			isa = PBXGroup;
			children = (
				31CED0B52391C4390051ED07 /* View */,
				31CED0B42391C4260051ED07 /* Model */,
				31CED0B32391C41F0051ED07 /* Controller */,
				31CED09F2391B8810051ED07 /* AppDelegate.swift */,
				31CED0A12391B8810051ED07 /* SceneDelegate.swift */,
				31CED0A52391B8810051ED07 /* Main.storyboard */,
				31CED0A82391B8850051ED07 /* Assets.xcassets */,
				31CED0AA2391B8850051ED07 /* LaunchScreen.storyboard */,
				31CED0AD2391B8850051ED07 /* Info.plist */,
			);
			path = "coder-shop";
			sourceTree = "<group>";
		};
		31CED0B32391C41F0051ED07 /* Controller */ = {
			isa = PBXGroup;
			children = (
				31CED0A32391B8810051ED07 /* CategoriesVC.swift */,
			);
			path = Controller;
			sourceTree = "<group>";
		};
		31CED0B42391C4260051ED07 /* Model */ = {
			isa = PBXGroup;
			children = (
			);
			path = Model;
			sourceTree = "<group>";
		};
		31CED0B52391C4390051ED07 /* View */ = {
			isa = PBXGroup;
			children = (
				31CED0B62391C46B0051ED07 /* CategoryCell.swift */,
			);
			path = View;
			sourceTree = "<group>";
		};
/* End PBXGroup section */

/* Begin PBXNativeTarget section */
		31CED09B2391B8810051ED07 /* coder-shop */ = {
			isa = PBXNativeTarget;
			buildConfigurationList = 31CED0B02391B8850051ED07 /* Build configuration list for PBXNativeTarget "coder-shop" */;
			buildPhases = (
				31CED0982391B8810051ED07 /* Sources */,
				31CED0992391B8810051ED07 /* Frameworks */,
				31CED09A2391B8810051ED07 /* Resources */,
			);
			buildRules = (
			);
			dependencies = (
			);
			name = "coder-shop";
			productName = "coder-shop";
			productReference = 31CED09C2391B8810051ED07 /* coder-shop.app */;
			productType = "com.apple.product-type.application";
		};
/* End PBXNativeTarget section */

/* Begin PBXProject section */
		31CED0942391B8810051ED07 /* Project object */ = {
			isa = PBXProject;
			attributes = {
				LastSwiftUpdateCheck = 1110;
				LastUpgradeCheck = 1110;
				ORGANIZATIONNAME = "Kilyan SOCKALINGUM";
				TargetAttributes = {
					31CED09B2391B8810051ED07 = {
						CreatedOnToolsVersion = 11.1;
					};
				};
			};
			buildConfigurationList = 31CED0972391B8810051ED07 /* Build configuration list for PBXProject "coder-shop" */;
			compatibilityVersion = "Xcode 9.3";
			developmentRegion = en;
			hasScannedForEncodings = 0;
			knownRegions = (
				en,
				Base,
			);
			mainGroup = 31CED0932391B8810051ED07;
			productRefGroup = 31CED09D2391B8810051ED07 /* Products */;
			projectDirPath = "";
			projectRoot = "";
			targets = (
				31CED09B2391B8810051ED07 /* coder-shop */,
			);
		};
/* End PBXProject section */

/* Begin PBXResourcesBuildPhase section */
		31CED09A2391B8810051ED07 /* Resources */ = {
			isa = PBXResourcesBuildPhase;
			buildActionMask = 2147483647;
			files = (
				31CED0AC2391B8850051ED07 /* LaunchScreen.storyboard in Resources */,
				31CED0A92391B8850051ED07 /* Assets.xcassets in Resources */,
				31CED0A72391B8810051ED07 /* Main.storyboard in Resources */,
			);
			runOnlyForDeploymentPostprocessing = 0;
		};
/* End PBXResourcesBuildPhase section */

/* Begin PBXSourcesBuildPhase section */
		31CED0982391B8810051ED07 /* Sources */ = {
			isa = PBXSourcesBuildPhase;
			buildActionMask = 2147483647;
			files = (
				31CED0A42391B8810051ED07 /* CategoriesVC.swift in Sources */,
				31CED0A02391B8810051ED07 /* AppDelegate.swift in Sources */,
				31CED0A22391B8810051ED07 /* SceneDelegate.swift in Sources */,
				31CED0B72391C46B0051ED07 /* CategoryCell.swift in Sources */,
			);
			runOnlyForDeploymentPostprocessing = 0;
		};
/* End PBXSourcesBuildPhase section */

/* Begin PBXVariantGroup section */
		31CED0A52391B8810051ED07 /* Main.storyboard */ = {
			isa = PBXVariantGroup;
			children = (
				31CED0A62391B8810051ED07 /* Base */,
			);
			name = Main.storyboard;
			sourceTree = "<group>";
		};
		31CED0AA2391B8850051ED07 /* LaunchScreen.storyboard */ = {
			isa = PBXVariantGroup;
			children = (
				31CED0AB2391B8850051ED07 /* Base */,
			);
			name = LaunchScreen.storyboard;
			sourceTree = "<group>";
		};
/* End PBXVariantGroup section */

/* Begin XCBuildConfiguration section */
		31CED0AE2391B8850051ED07 /* Debug */ = {
			isa = XCBuildConfiguration;
			buildSettings = {
				ALWAYS_SEARCH_USER_PATHS = NO;
				CLANG_ANALYZER_NONNULL = YES;
				CLANG_ANALYZER_NUMBER_OBJECT_CONVERSION = YES_AGGRESSIVE;
				CLANG_CXX_LANGUAGE_STANDARD = "gnu++14";
				CLANG_CXX_LIBRARY = "libc++";
				CLANG_ENABLE_MODULES = YES;
				CLANG_ENABLE_OBJC_ARC = YES;
				CLANG_ENABLE_OBJC_WEAK = YES;
				CLANG_WARN_BLOCK_CAPTURE_AUTORELEASING = YES;
				CLANG_WARN_BOOL_CONVERSION = YES;
				CLANG_WARN_COMMA = YES;
				CLANG_WARN_CONSTANT_CONVERSION = YES;
				CLANG_WARN_DEPRECATED_OBJC_IMPLEMENTATIONS = YES;
				CLANG_WARN_DIRECT_OBJC_ISA_USAGE = YES_ERROR;
				CLANG_WARN_DOCUMENTATION_COMMENTS = YES;
				CLANG_WARN_EMPTY_BODY = YES;
				CLANG_WARN_ENUM_CONVERSION = YES;
				CLANG_WARN_INFINITE_RECURSION = YES;
				CLANG_WARN_INT_CONVERSION = YES;
				CLANG_WARN_NON_LITERAL_NULL_CONVERSION = YES;
				CLANG_WARN_OBJC_IMPLICIT_RETAIN_SELF = YES;
				CLANG_WARN_OBJC_LITERAL_CONVERSION = YES;
				CLANG_WARN_OBJC_ROOT_CLASS = YES_ERROR;
				CLANG_WARN_RANGE_LOOP_ANALYSIS = YES;
				CLANG_WARN_STRICT_PROTOTYPES = YES;
				CLANG_WARN_SUSPICIOUS_MOVE = YES;
				CLANG_WARN_UNGUARDED_AVAILABILITY = YES_AGGRESSIVE;
				CLANG_WARN_UNREACHABLE_CODE = YES;
				CLANG_WARN__DUPLICATE_METHOD_MATCH = YES;
				COPY_PHASE_STRIP = NO;
				DEBUG_INFORMATION_FORMAT = dwarf;
				ENABLE_STRICT_OBJC_MSGSEND = YES;
				ENABLE_TESTABILITY = YES;
				GCC_C_LANGUAGE_STANDARD = gnu11;
				GCC_DYNAMIC_NO_PIC = NO;
				GCC_NO_COMMON_BLOCKS = YES;
				GCC_OPTIMIZATION_LEVEL = 0;
				GCC_PREPROCESSOR_DEFINITIONS = (
					"DEBUG=1",
					"$(inherited)",
				);
				GCC_WARN_64_TO_32_BIT_CONVERSION = YES;
				GCC_WARN_ABOUT_RETURN_TYPE = YES_ERROR;
				GCC_WARN_UNDECLARED_SELECTOR = YES;
				GCC_WARN_UNINITIALIZED_AUTOS = YES_AGGRESSIVE;
				GCC_WARN_UNUSED_FUNCTION = YES;
				GCC_WARN_UNUSED_VARIABLE = YES;
				IPHONEOS_DEPLOYMENT_TARGET = 13.1;
				MTL_ENABLE_DEBUG_INFO = INCLUDE_SOURCE;
				MTL_FAST_MATH = YES;
				ONLY_ACTIVE_ARCH = YES;
				SDKROOT = iphoneos;
				SWIFT_ACTIVE_COMPILATION_CONDITIONS = DEBUG;
				SWIFT_OPTIMIZATION_LEVEL = "-Onone";
			};
			name = Debug;
		};
		31CED0AF2391B8850051ED07 /* Release */ = {
			isa = XCBuildConfiguration;
			buildSettings = {
				ALWAYS_SEARCH_USER_PATHS = NO;
				CLANG_ANALYZER_NONNULL = YES;
				CLANG_ANALYZER_NUMBER_OBJECT_CONVERSION = YES_AGGRESSIVE;
				CLANG_CXX_LANGUAGE_STANDARD = "gnu++14";
				CLANG_CXX_LIBRARY = "libc++";
				CLANG_ENABLE_MODULES = YES;
				CLANG_ENABLE_OBJC_ARC = YES;
				CLANG_ENABLE_OBJC_WEAK = YES;
				CLANG_WARN_BLOCK_CAPTURE_AUTORELEASING = YES;
				CLANG_WARN_BOOL_CONVERSION = YES;
				CLANG_WARN_COMMA = YES;
				CLANG_WARN_CONSTANT_CONVERSION = YES;
				CLANG_WARN_DEPRECATED_OBJC_IMPLEMENTATIONS = YES;
				CLANG_WARN_DIRECT_OBJC_ISA_USAGE = YES_ERROR;
				CLANG_WARN_DOCUMENTATION_COMMENTS = YES;
				CLANG_WARN_EMPTY_BODY = YES;
				CLANG_WARN_ENUM_CONVERSION = YES;
				CLANG_WARN_INFINITE_RECURSION = YES;
				CLANG_WARN_INT_CONVERSION = YES;
				CLANG_WARN_NON_LITERAL_NULL_CONVERSION = YES;
				CLANG_WARN_OBJC_IMPLICIT_RETAIN_SELF = YES;
				CLANG_WARN_OBJC_LITERAL_CONVERSION = YES;
				CLANG_WARN_OBJC_ROOT_CLASS = YES_ERROR;
				CLANG_WARN_RANGE_LOOP_ANALYSIS = YES;
				CLANG_WARN_STRICT_PROTOTYPES = YES;
				CLANG_WARN_SUSPICIOUS_MOVE = YES;
				CLANG_WARN_UNGUARDED_AVAILABILITY = YES_AGGRESSIVE;
				CLANG_WARN_UNREACHABLE_CODE = YES;
				CLANG_WARN__DUPLICATE_METHOD_MATCH = YES;
				COPY_PHASE_STRIP = NO;
				DEBUG_INFORMATION_FORMAT = "dwarf-with-dsym";
				ENABLE_NS_ASSERTIONS = NO;
				ENABLE_STRICT_OBJC_MSGSEND = YES;
				GCC_C_LANGUAGE_STANDARD = gnu11;
				GCC_NO_COMMON_BLOCKS = YES;
				GCC_WARN_64_TO_32_BIT_CONVERSION = YES;
				GCC_WARN_ABOUT_RETURN_TYPE = YES_ERROR;
				GCC_WARN_UNDECLARED_SELECTOR = YES;
				GCC_WARN_UNINITIALIZED_AUTOS = YES_AGGRESSIVE;
				GCC_WARN_UNUSED_FUNCTION = YES;
				GCC_WARN_UNUSED_VARIABLE = YES;
				IPHONEOS_DEPLOYMENT_TARGET = 13.1;
				MTL_ENABLE_DEBUG_INFO = NO;
				MTL_FAST_MATH = YES;
				SDKROOT = iphoneos;
				SWIFT_COMPILATION_MODE = wholemodule;
				SWIFT_OPTIMIZATION_LEVEL = "-O";
				VALIDATE_PRODUCT = YES;
			};
			name = Release;
		};
		31CED0B12391B8850051ED07 /* Debug */ = {
			isa = XCBuildConfiguration;
			buildSettings = {
				ASSETCATALOG_COMPILER_APPICON_NAME = AppIcon;
				CODE_SIGN_STYLE = Automatic;
				INFOPLIST_FILE = "coder-shop/Info.plist";
				LD_RUNPATH_SEARCH_PATHS = (
					"$(inherited)",
					"@executable_path/Frameworks",
				);
				PRODUCT_BUNDLE_IDENTIFIER = "com.kilyansockalingum.coder-shop";
				PRODUCT_NAME = "$(TARGET_NAME)";
				SWIFT_VERSION = 5.0;
				TARGETED_DEVICE_FAMILY = "1,2";
			};
			name = Debug;
		};
		31CED0B22391B8850051ED07 /* Release */ = {
			isa = XCBuildConfiguration;
			buildSettings = {
				ASSETCATALOG_COMPILER_APPICON_NAME = AppIcon;
				CODE_SIGN_STYLE = Automatic;
				INFOPLIST_FILE = "coder-shop/Info.plist";
				LD_RUNPATH_SEARCH_PATHS = (
					"$(inherited)",
					"@executable_path/Frameworks",
				);
				PRODUCT_BUNDLE_IDENTIFIER = "com.kilyansockalingum.coder-shop";
				PRODUCT_NAME = "$(TARGET_NAME)";
				SWIFT_VERSION = 5.0;
				TARGETED_DEVICE_FAMILY = "1,2";
			};
			name = Release;
		};
/* End XCBuildConfiguration section */

/* Begin XCConfigurationList section */
		31CED0972391B8810051ED07 /* Build configuration list for PBXProject "coder-shop" */ = {
			isa = XCConfigurationList;
			buildConfigurations = (
				31CED0AE2391B8850051ED07 /* Debug */,
				31CED0AF2391B8850051ED07 /* Release */,
			);
			defaultConfigurationIsVisible = 0;
			defaultConfigurationName = Release;
		};
		31CED0B02391B8850051ED07 /* Build configuration list for PBXNativeTarget "coder-shop" */ = {
			isa = XCConfigurationList;
			buildConfigurations = (
				31CED0B12391B8850051ED07 /* Debug */,
				31CED0B22391B8850051ED07 /* Release */,
			);
			defaultConfigurationIsVisible = 0;
			defaultConfigurationName = Release;
		};
/* End XCConfigurationList section */
	};
	rootObject = 31CED0942391B8810051ED07 /* Project object */;
}
